
Microsoft Visual Studio Solution File, Format Version 12.00
# Visual Studio Version 17
VisualStudioVersion = 17.10.34916.146
MinimumVisualStudioVersion = 10.0.40219.1
Project("{FAE04EC0-301F-11D3-BF4B-00C04F79EFBC}") = "BattleShips.Server", "BattleShips.Server\BattleShips.Server.csproj", "{0616456C-FE77-48A5-B06C-DFFD1D2C7404}"
	ProjectSection(ProjectDependencies) = postProject
		{5C2C2665-1107-4E39-B3B9-68AE85FDB90E} = {5C2C2665-1107-4E39-B3B9-68AE85FDB90E}
	EndProjectSection
EndProject
Project("{FAE04EC0-301F-11D3-BF4B-00C04F79EFBC}") = "BattleShips.Client", "BattleShips.Client\BattleShips.Client.csproj", "{59BDBC7B-4ED2-4FF4-BD93-7CCEDC51F89A}"
	ProjectSection(ProjectDependencies) = postProject
		{5C2C2665-1107-4E39-B3B9-68AE85FDB90E} = {5C2C2665-1107-4E39-B3B9-68AE85FDB90E}
	EndProjectSection
EndProject
Project("{FAE04EC0-301F-11D3-BF4B-00C04F79EFBC}") = "BattleShips.Core", "BattleShips.Core\BattleShips.Core.csproj", "{5C2C2665-1107-4E39-B3B9-68AE85FDB90E}"
EndProject
Project("{FAE04EC0-301F-11D3-BF4B-00C04F79EFBC}") = "BattleShips.ProxyTest", "BattleShips.ProxyTest\BattleShips.ProxyTest.csproj", "{8CCF7F39-D36B-47A2-8579-8128162DD966}"
EndProject
Global
	GlobalSection(SolutionConfigurationPlatforms) = preSolution
		Debug|Any CPU = Debug|Any CPU
		Release|Any CPU = Release|Any CPU
	EndGlobalSection
	GlobalSection(ProjectConfigurationPlatforms) = postSolution
		{0616456C-FE77-48A5-B06C-DFFD1D2C7404}.Debug|Any CPU.ActiveCfg = Debug|Any CPU
		{0616456C-FE77-48A5-B06C-DFFD1D2C7404}.Debug|Any CPU.Build.0 = Debug|Any CPU
		{0616456C-FE77-48A5-B06C-DFFD1D2C7404}.Release|Any CPU.ActiveCfg = Release|Any CPU
		{0616456C-FE77-48A5-B06C-DFFD1D2C7404}.Release|Any CPU.Build.0 = Release|Any CPU
		{59BDBC7B-4ED2-4FF4-BD93-7CCEDC51F89A}.Debug|Any CPU.ActiveCfg = Debug|Any CPU
		{59BDBC7B-4ED2-4FF4-BD93-7CCEDC51F89A}.Debug|Any CPU.Build.0 = Debug|Any CPU
		{59BDBC7B-4ED2-4FF4-BD93-7CCEDC51F89A}.Release|Any CPU.ActiveCfg = Release|Any CPU
		{59BDBC7B-4ED2-4FF4-BD93-7CCEDC51F89A}.Release|Any CPU.Build.0 = Release|Any CPU
		{5C2C2665-1107-4E39-B3B9-68AE85FDB90E}.Debug|Any CPU.ActiveCfg = Debug|Any CPU
		{5C2C2665-1107-4E39-B3B9-68AE85FDB90E}.Debug|Any CPU.Build.0 = Debug|Any CPU
		{5C2C2665-1107-4E39-B3B9-68AE85FDB90E}.Release|Any CPU.ActiveCfg = Release|Any CPU
		{5C2C2665-1107-4E39-B3B9-68AE85FDB90E}.Release|Any CPU.Build.0 = Release|Any CPU
		{8CCF7F39-D36B-47A2-8579-8128162DD966}.Debug|Any CPU.ActiveCfg = Debug|Any CPU
		{8CCF7F39-D36B-47A2-8579-8128162DD966}.Debug|Any CPU.Build.0 = Debug|Any CPU
		{8CCF7F39-D36B-47A2-8579-8128162DD966}.Release|Any CPU.ActiveCfg = Release|Any CPU
		{8CCF7F39-D36B-47A2-8579-8128162DD966}.Release|Any CPU.Build.0 = Release|Any CPU
	EndGlobalSection
	GlobalSection(SolutionProperties) = preSolution
		HideSolutionNode = FALSE
	EndGlobalSection
	GlobalSection(ExtensibilityGlobals) = postSolution
		SolutionGuid = {189EEC7E-8082-4916-9B5E-823B82BB8946}
	EndGlobalSection
EndGlobal
